
Microsoft Visual Studio Solution File, Format Version 12.00
# Visual Studio Version 17
VisualStudioVersion = 17.7.34031.279
MinimumVisualStudioVersion = 10.0.40219.1
Project("{FAE04EC0-301F-11D3-BF4B-00C04F79EFBC}") = "CalculatorApp", "CalculatorApp\CalculatorApp.csproj", "{FBB12D84-F217-47E0-B696-A214E0EC1A74}"
EndProject
Global
	GlobalSection(SolutionConfigurationPlatforms) = preSolution
		Debug|Any CPU = Debug|Any CPU
		Release|Any CPU = Release|Any CPU
	EndGlobalSection
	GlobalSection(ProjectConfigurationPlatforms) = postSolution
		{FBB12D84-F217-47E0-B696-A214E0EC1A74}.Debug|Any CPU.ActiveCfg = Debug|Any CPU
		{FBB12D84-F217-47E0-B696-A214E0EC1A74}.Debug|Any CPU.Build.0 = Debug|Any CPU
		{FBB12D84-F217-47E0-B696-A214E0EC1A74}.Release|Any CPU.ActiveCfg = Release|Any CPU
		{FBB12D84-F217-47E0-B696-A214E0EC1A74}.Release|Any CPU.Build.0 = Release|Any CPU
	EndGlobalSection
	GlobalSection(SolutionProperties) = preSolution
		HideSolutionNode = FALSE
	EndGlobalSection
	GlobalSection(ExtensibilityGlobals) = postSolution
		SolutionGuid = {F1B102F3-7A39-4A5F-8E73-F54DA67727D7}
	EndGlobalSection
EndGlobal
